
Microsoft Visual Studio Solution File, Format Version 12.00
# Visual Studio Version 17
VisualStudioVersion = 17.0.31903.59
MinimumVisualStudioVersion = 10.0.40219.1
Project("{2150E333-8FDC-42A3-9474-1A3956D46DE8}") = "src", "src", "{827E0CD3-B72D-47B6-A68D-7590B98EB39B}"
EndProject
Project("{FAE04EC0-301F-11D3-BF4B-00C04F79EFBC}") = "DocuPilot.Api", "src\DocuPilot.Api\DocuPilot.Api.csproj", "{00B75178-CC33-483E-8724-789A36E5230C}"
EndProject
Project("{FAE04EC0-301F-11D3-BF4B-00C04F79EFBC}") = "DocuPilot.Services", "src\DocuPilot.Services\DocuPilot.Services.csproj", "{325806DF-18BB-416F-A0C8-843EF0BB67F0}"
EndProject
Project("{FAE04EC0-301F-11D3-BF4B-00C04F79EFBC}") = "DocuPilot.Models", "src\DocuPilot.Models\DocuPilot.Models.csproj", "{74A0BF73-525D-4147-B99E-3C7384BDFC88}"
EndProject
Project("{FAE04EC0-301F-11D3-BF4B-00C04F79EFBC}") = "DocuPilot.Repository", "src\DocuPilot.Repository\DocuPilot.Repository.csproj", "{4D922D6F-921A-4B8D-8CDB-4D8A18703BB4}"
EndProject
Project("{FAE04EC0-301F-11D3-BF4B-00C04F79EFBC}") = "DocuPilot.Infrastructure", "src\DocuPilot.Infrastructure\DocuPilot.Infrastructure.csproj", "{3FE26274-EEC3-47D0-94DA-E03FF14C7255}"
EndProject
Project("{FAE04EC0-301F-11D3-BF4B-00C04F79EFBC}") = "DocuPilot.Worker", "src\DocuPilot.Worker\DocuPilot.Worker.csproj", "{4F145C1B-49E6-4A2A-8E2B-ED191D06762F}"
EndProject
Project("{2150E333-8FDC-42A3-9474-1A3956D46DE8}") = "tests", "tests", "{0AB3BF05-4346-4AA6-1389-037BE0695223}"
EndProject
Project("{FAE04EC0-301F-11D3-BF4B-00C04F79EFBC}") = "DocuPilot.UnitTests", "tests\DocuPilot.UnitTests\DocuPilot.UnitTests.csproj", "{AC53D3E6-9235-4373-8C8F-D8EAC3F8B159}"
EndProject
Project("{FAE04EC0-301F-11D3-BF4B-00C04F79EFBC}") = "DocuPilot.IntegrationTests", "tests\DocuPilot.IntegrationTests\DocuPilot.IntegrationTests.csproj", "{7434D4F3-B671-4B5B-82BF-7BB771510371}"
EndProject
Global
	GlobalSection(SolutionConfigurationPlatforms) = preSolution
		Debug|Any CPU = Debug|Any CPU
		Debug|x64 = Debug|x64
		Debug|x86 = Debug|x86
		Release|Any CPU = Release|Any CPU
		Release|x64 = Release|x64
		Release|x86 = Release|x86
	EndGlobalSection
	GlobalSection(ProjectConfigurationPlatforms) = postSolution
		{00B75178-CC33-483E-8724-789A36E5230C}.Debug|Any CPU.ActiveCfg = Debug|Any CPU
		{00B75178-CC33-483E-8724-789A36E5230C}.Debug|Any CPU.Build.0 = Debug|Any CPU
		{00B75178-CC33-483E-8724-789A36E5230C}.Debug|x64.ActiveCfg = Debug|Any CPU
		{00B75178-CC33-483E-8724-789A36E5230C}.Debug|x64.Build.0 = Debug|Any CPU
		{00B75178-CC33-483E-8724-789A36E5230C}.Debug|x86.ActiveCfg = Debug|Any CPU
		{00B75178-CC33-483E-8724-789A36E5230C}.Debug|x86.Build.0 = Debug|Any CPU
		{00B75178-CC33-483E-8724-789A36E5230C}.Release|Any CPU.ActiveCfg = Release|Any CPU
		{00B75178-CC33-483E-8724-789A36E5230C}.Release|Any CPU.Build.0 = Release|Any CPU
		{00B75178-CC33-483E-8724-789A36E5230C}.Release|x64.ActiveCfg = Release|Any CPU
		{00B75178-CC33-483E-8724-789A36E5230C}.Release|x64.Build.0 = Release|Any CPU
		{00B75178-CC33-483E-8724-789A36E5230C}.Release|x86.ActiveCfg = Release|Any CPU
		{00B75178-CC33-483E-8724-789A36E5230C}.Release|x86.Build.0 = Release|Any CPU
		{325806DF-18BB-416F-A0C8-843EF0BB67F0}.Debug|Any CPU.ActiveCfg = Debug|Any CPU
		{325806DF-18BB-416F-A0C8-843EF0BB67F0}.Debug|Any CPU.Build.0 = Debug|Any CPU
		{325806DF-18BB-416F-A0C8-843EF0BB67F0}.Debug|x64.ActiveCfg = Debug|Any CPU
		{325806DF-18BB-416F-A0C8-843EF0BB67F0}.Debug|x64.Build.0 = Debug|Any CPU
		{325806DF-18BB-416F-A0C8-843EF0BB67F0}.Debug|x86.ActiveCfg = Debug|Any CPU
		{325806DF-18BB-416F-A0C8-843EF0BB67F0}.Debug|x86.Build.0 = Debug|Any CPU
		{325806DF-18BB-416F-A0C8-843EF0BB67F0}.Release|Any CPU.ActiveCfg = Release|Any CPU
		{325806DF-18BB-416F-A0C8-843EF0BB67F0}.Release|Any CPU.Build.0 = Release|Any CPU
		{325806DF-18BB-416F-A0C8-843EF0BB67F0}.Release|x64.ActiveCfg = Release|Any CPU
		{325806DF-18BB-416F-A0C8-843EF0BB67F0}.Release|x64.Build.0 = Release|Any CPU
		{325806DF-18BB-416F-A0C8-843EF0BB67F0}.Release|x86.ActiveCfg = Release|Any CPU
		{325806DF-18BB-416F-A0C8-843EF0BB67F0}.Release|x86.Build.0 = Release|Any CPU
		{74A0BF73-525D-4147-B99E-3C7384BDFC88}.Debug|Any CPU.ActiveCfg = Debug|Any CPU
		{74A0BF73-525D-4147-B99E-3C7384BDFC88}.Debug|Any CPU.Build.0 = Debug|Any CPU
		{74A0BF73-525D-4147-B99E-3C7384BDFC88}.Debug|x64.ActiveCfg = Debug|Any CPU
		{74A0BF73-525D-4147-B99E-3C7384BDFC88}.Debug|x64.Build.0 = Debug|Any CPU
		{74A0BF73-525D-4147-B99E-3C7384BDFC88}.Debug|x86.ActiveCfg = Debug|Any CPU
		{74A0BF73-525D-4147-B99E-3C7384BDFC88}.Debug|x86.Build.0 = Debug|Any CPU
		{74A0BF73-525D-4147-B99E-3C7384BDFC88}.Release|Any CPU.ActiveCfg = Release|Any CPU
		{74A0BF73-525D-4147-B99E-3C7384BDFC88}.Release|Any CPU.Build.0 = Release|Any CPU
		{74A0BF73-525D-4147-B99E-3C7384BDFC88}.Release|x64.ActiveCfg = Release|Any CPU
		{74A0BF73-525D-4147-B99E-3C7384BDFC88}.Release|x64.Build.0 = Release|Any CPU
		{74A0BF73-525D-4147-B99E-3C7384BDFC88}.Release|x86.ActiveCfg = Release|Any CPU
		{74A0BF73-525D-4147-B99E-3C7384BDFC88}.Release|x86.Build.0 = Release|Any CPU
		{4D922D6F-921A-4B8D-8CDB-4D8A18703BB4}.Debug|Any CPU.ActiveCfg = Debug|Any CPU
		{4D922D6F-921A-4B8D-8CDB-4D8A18703BB4}.Debug|Any CPU.Build.0 = Debug|Any CPU
		{4D922D6F-921A-4B8D-8CDB-4D8A18703BB4}.Debug|x64.ActiveCfg = Debug|Any CPU
		{4D922D6F-921A-4B8D-8CDB-4D8A18703BB4}.Debug|x64.Build.0 = Debug|Any CPU
		{4D922D6F-921A-4B8D-8CDB-4D8A18703BB4}.Debug|x86.ActiveCfg = Debug|Any CPU
		{4D922D6F-921A-4B8D-8CDB-4D8A18703BB4}.Debug|x86.Build.0 = Debug|Any CPU
		{4D922D6F-921A-4B8D-8CDB-4D8A18703BB4}.Release|Any CPU.ActiveCfg = Release|Any CPU
		{4D922D6F-921A-4B8D-8CDB-4D8A18703BB4}.Release|Any CPU.Build.0 = Release|Any CPU
		{4D922D6F-921A-4B8D-8CDB-4D8A18703BB4}.Release|x64.ActiveCfg = Release|Any CPU
		{4D922D6F-921A-4B8D-8CDB-4D8A18703BB4}.Release|x64.Build.0 = Release|Any CPU
		{4D922D6F-921A-4B8D-8CDB-4D8A18703BB4}.Release|x86.ActiveCfg = Release|Any CPU
		{4D922D6F-921A-4B8D-8CDB-4D8A18703BB4}.Release|x86.Build.0 = Release|Any CPU
		{3FE26274-EEC3-47D0-94DA-E03FF14C7255}.Debug|Any CPU.ActiveCfg = Debug|Any CPU
		{3FE26274-EEC3-47D0-94DA-E03FF14C7255}.Debug|Any CPU.Build.0 = Debug|Any CPU
		{3FE26274-EEC3-47D0-94DA-E03FF14C7255}.Debug|x64.ActiveCfg = Debug|Any CPU
		{3FE26274-EEC3-47D0-94DA-E03FF14C7255}.Debug|x64.Build.0 = Debug|Any CPU
		{3FE26274-EEC3-47D0-94DA-E03FF14C7255}.Debug|x86.ActiveCfg = Debug|Any CPU
		{3FE26274-EEC3-47D0-94DA-E03FF14C7255}.Debug|x86.Build.0 = Debug|Any CPU
		{3FE26274-EEC3-47D0-94DA-E03FF14C7255}.Release|Any CPU.ActiveCfg = Release|Any CPU
		{3FE26274-EEC3-47D0-94DA-E03FF14C7255}.Release|Any CPU.Build.0 = Release|Any CPU
		{3FE26274-EEC3-47D0-94DA-E03FF14C7255}.Release|x64.ActiveCfg = Release|Any CPU
		{3FE26274-EEC3-47D0-94DA-E03FF14C7255}.Release|x64.Build.0 = Release|Any CPU
		{3FE26274-EEC3-47D0-94DA-E03FF14C7255}.Release|x86.ActiveCfg = Release|Any CPU
		{3FE26274-EEC3-47D0-94DA-E03FF14C7255}.Release|x86.Build.0 = Release|Any CPU
		{4F145C1B-49E6-4A2A-8E2B-ED191D06762F}.Debug|Any CPU.ActiveCfg = Debug|Any CPU
		{4F145C1B-49E6-4A2A-8E2B-ED191D06762F}.Debug|Any CPU.Build.0 = Debug|Any CPU
		{4F145C1B-49E6-4A2A-8E2B-ED191D06762F}.Debug|x64.ActiveCfg = Debug|Any CPU
		{4F145C1B-49E6-4A2A-8E2B-ED191D06762F}.Debug|x64.Build.0 = Debug|Any CPU
		{4F145C1B-49E6-4A2A-8E2B-ED191D06762F}.Debug|x86.ActiveCfg = Debug|Any CPU
		{4F145C1B-49E6-4A2A-8E2B-ED191D06762F}.Debug|x86.Build.0 = Debug|Any CPU
		{4F145C1B-49E6-4A2A-8E2B-ED191D06762F}.Release|Any CPU.ActiveCfg = Release|Any CPU
		{4F145C1B-49E6-4A2A-8E2B-ED191D06762F}.Release|Any CPU.Build.0 = Release|Any CPU
		{4F145C1B-49E6-4A2A-8E2B-ED191D06762F}.Release|x64.ActiveCfg = Release|Any CPU
		{4F145C1B-49E6-4A2A-8E2B-ED191D06762F}.Release|x64.Build.0 = Release|Any CPU
		{4F145C1B-49E6-4A2A-8E2B-ED191D06762F}.Release|x86.ActiveCfg = Release|Any CPU
		{4F145C1B-49E6-4A2A-8E2B-ED191D06762F}.Release|x86.Build.0 = Release|Any CPU
		{AC53D3E6-9235-4373-8C8F-D8EAC3F8B159}.Debug|Any CPU.ActiveCfg = Debug|Any CPU
		{AC53D3E6-9235-4373-8C8F-D8EAC3F8B159}.Debug|Any CPU.Build.0 = Debug|Any CPU
		{AC53D3E6-9235-4373-8C8F-D8EAC3F8B159}.Debug|x64.ActiveCfg = Debug|Any CPU
		{AC53D3E6-9235-4373-8C8F-D8EAC3F8B159}.Debug|x64.Build.0 = Debug|Any CPU
		{AC53D3E6-9235-4373-8C8F-D8EAC3F8B159}.Debug|x86.ActiveCfg = Debug|Any CPU
		{AC53D3E6-9235-4373-8C8F-D8EAC3F8B159}.Debug|x86.Build.0 = Debug|Any CPU
		{AC53D3E6-9235-4373-8C8F-D8EAC3F8B159}.Release|Any CPU.ActiveCfg = Release|Any CPU
		{AC53D3E6-9235-4373-8C8F-D8EAC3F8B159}.Release|Any CPU.Build.0 = Release|Any CPU
		{AC53D3E6-9235-4373-8C8F-D8EAC3F8B159}.Release|x64.ActiveCfg = Release|Any CPU
		{AC53D3E6-9235-4373-8C8F-D8EAC3F8B159}.Release|x64.Build.0 = Release|Any CPU
		{AC53D3E6-9235-4373-8C8F-D8EAC3F8B159}.Release|x86.ActiveCfg = Release|Any CPU
		{AC53D3E6-9235-4373-8C8F-D8EAC3F8B159}.Release|x86.Build.0 = Release|Any CPU
		{7434D4F3-B671-4B5B-82BF-7BB771510371}.Debug|Any CPU.ActiveCfg = Debug|Any CPU
		{7434D4F3-B671-4B5B-82BF-7BB771510371}.Debug|Any CPU.Build.0 = Debug|Any CPU
		{7434D4F3-B671-4B5B-82BF-7BB771510371}.Debug|x64.ActiveCfg = Debug|Any CPU
		{7434D4F3-B671-4B5B-82BF-7BB771510371}.Debug|x64.Build.0 = Debug|Any CPU
		{7434D4F3-B671-4B5B-82BF-7BB771510371}.Debug|x86.ActiveCfg = Debug|Any CPU
		{7434D4F3-B671-4B5B-82BF-7BB771510371}.Debug|x86.Build.0 = Debug|Any CPU
		{7434D4F3-B671-4B5B-82BF-7BB771510371}.Release|Any CPU.ActiveCfg = Release|Any CPU
		{7434D4F3-B671-4B5B-82BF-7BB771510371}.Release|Any CPU.Build.0 = Release|Any CPU
		{7434D4F3-B671-4B5B-82BF-7BB771510371}.Release|x64.ActiveCfg = Release|Any CPU
		{7434D4F3-B671-4B5B-82BF-7BB771510371}.Release|x64.Build.0 = Release|Any CPU
		{7434D4F3-B671-4B5B-82BF-7BB771510371}.Release|x86.ActiveCfg = Release|Any CPU
		{7434D4F3-B671-4B5B-82BF-7BB771510371}.Release|x86.Build.0 = Release|Any CPU
	EndGlobalSection
	GlobalSection(SolutionProperties) = preSolution
		HideSolutionNode = FALSE
	EndGlobalSection
	GlobalSection(NestedProjects) = preSolution
		{00B75178-CC33-483E-8724-789A36E5230C} = {827E0CD3-B72D-47B6-A68D-7590B98EB39B}
		{325806DF-18BB-416F-A0C8-843EF0BB67F0} = {827E0CD3-B72D-47B6-A68D-7590B98EB39B}
		{74A0BF73-525D-4147-B99E-3C7384BDFC88} = {827E0CD3-B72D-47B6-A68D-7590B98EB39B}
		{4D922D6F-921A-4B8D-8CDB-4D8A18703BB4} = {827E0CD3-B72D-47B6-A68D-7590B98EB39B}
		{3FE26274-EEC3-47D0-94DA-E03FF14C7255} = {827E0CD3-B72D-47B6-A68D-7590B98EB39B}
		{4F145C1B-49E6-4A2A-8E2B-ED191D06762F} = {827E0CD3-B72D-47B6-A68D-7590B98EB39B}
		{AC53D3E6-9235-4373-8C8F-D8EAC3F8B159} = {0AB3BF05-4346-4AA6-1389-037BE0695223}
		{7434D4F3-B671-4B5B-82BF-7BB771510371} = {0AB3BF05-4346-4AA6-1389-037BE0695223}
	EndGlobalSection
EndGlobal
